
Microsoft Visual Studio Solution File, Format Version 12.00
# Visual Studio Version 16
VisualStudioVersion = 16.0.30413.136
MinimumVisualStudioVersion = 10.0.40219.1
Project("{FAE04EC0-301F-11D3-BF4B-00C04F79EFBC}") = "GNUCash Backups", "GNUCash Backups.csproj", "{AEAA37FD-88BB-4830-BA6C-CC08DAB7E1BE}"
EndProject
Global
	GlobalSection(SolutionConfigurationPlatforms) = preSolution
		Debug|Any CPU = Debug|Any CPU
		Debug|x64 = Debug|x64
		Release|Any CPU = Release|Any CPU
		Release|x64 = Release|x64
	EndGlobalSection
	GlobalSection(ProjectConfigurationPlatforms) = postSolution
		{AEAA37FD-88BB-4830-BA6C-CC08DAB7E1BE}.Debug|Any CPU.ActiveCfg = Debug|Any CPU
		{AEAA37FD-88BB-4830-BA6C-CC08DAB7E1BE}.Debug|Any CPU.Build.0 = Debug|Any CPU
		{AEAA37FD-88BB-4830-BA6C-CC08DAB7E1BE}.Debug|x64.ActiveCfg = Debug|x64
		{AEAA37FD-88BB-4830-BA6C-CC08DAB7E1BE}.Debug|x64.Build.0 = Debug|x64
		{AEAA37FD-88BB-4830-BA6C-CC08DAB7E1BE}.Release|Any CPU.ActiveCfg = Release|Any CPU
		{AEAA37FD-88BB-4830-BA6C-CC08DAB7E1BE}.Release|Any CPU.Build.0 = Release|Any CPU
		{AEAA37FD-88BB-4830-BA6C-CC08DAB7E1BE}.Release|x64.ActiveCfg = Release|x64
		{AEAA37FD-88BB-4830-BA6C-CC08DAB7E1BE}.Release|x64.Build.0 = Release|x64
	EndGlobalSection
	GlobalSection(SolutionProperties) = preSolution
		HideSolutionNode = FALSE
	EndGlobalSection
	GlobalSection(ExtensibilityGlobals) = postSolution
		SolutionGuid = {0D28D9B0-7FEE-4C0C-ABA9-FC562ADABA29}
	EndGlobalSection
EndGlobal
